Microsoft Visual Studio Solution File, Format Version 12.00
# Visual Studio Version 17
VisualStudioVersion = 17.5.2.0
MinimumVisualStudioVersion = 10.0.40219.1
Project("{FAE04EC0-301F-11D3-BF4B-00C04F79EFBC}") = "LocalChatAgent", "LocalChatAgent.csproj", "{768B5149-775C-1A9F-4870-5935E9A05479}"
EndProject
Global
	GlobalSection(SolutionConfigurationPlatforms) = preSolution
		Debug|Any CPU = Debug|Any CPU
		Release|Any CPU = Release|Any CPU
	EndGlobalSection
	GlobalSection(ProjectConfigurationPlatforms) = postSolution
		{768B5149-775C-1A9F-4870-5935E9A05479}.Debug|Any CPU.ActiveCfg = Debug|Any CPU
		{768B5149-775C-1A9F-4870-5935E9A05479}.Debug|Any CPU.Build.0 = Debug|Any CPU
		{768B5149-775C-1A9F-4870-5935E9A05479}.Release|Any CPU.ActiveCfg = Release|Any CPU
		{768B5149-775C-1A9F-4870-5935E9A05479}.Release|Any CPU.Build.0 = Release|Any CPU
	EndGlobalSection
	GlobalSection(SolutionProperties) = preSolution
		HideSolutionNode = FALSE
	EndGlobalSection
	GlobalSection(ExtensibilityGlobals) = postSolution
		SolutionGuid = {B836587A-13EE-4986-889B-BEB5298F14B9}
	EndGlobalSection
EndGlobal
